
Microsoft Visual Studio Solution File, Format Version 12.00
# Visual Studio Version 16
VisualStudioVersion = 16.0.31321.278
MinimumVisualStudioVersion = 10.0.40219.1
Project("{FAE04EC0-301F-11D3-BF4B-00C04F79EFBC}") = "Sazay", "Sazay\Sazay.csproj", "{3B8E6AD9-0458-4A98-8186-98D111A390F6}"
EndProject
Global
	GlobalSection(SolutionConfigurationPlatforms) = preSolution
		Debug|Any CPU = Debug|Any CPU
		Release|Any CPU = Release|Any CPU
	EndGlobalSection
	GlobalSection(ProjectConfigurationPlatforms) = postSolution
		{3B8E6AD9-0458-4A98-8186-98D111A390F6}.Debug|Any CPU.ActiveCfg = Debug|Any CPU
		{3B8E6AD9-0458-4A98-8186-98D111A390F6}.Debug|Any CPU.Build.0 = Debug|Any CPU
		{3B8E6AD9-0458-4A98-8186-98D111A390F6}.Release|Any CPU.ActiveCfg = Release|Any CPU
		{3B8E6AD9-0458-4A98-8186-98D111A390F6}.Release|Any CPU.Build.0 = Release|Any CPU
	EndGlobalSection
	GlobalSection(SolutionProperties) = preSolution
		HideSolutionNode = FALSE
	EndGlobalSection
	GlobalSection(ExtensibilityGlobals) = postSolution
		SolutionGuid = {C4664C06-2FDC-4B09-B588-74E03E0243BE}
	EndGlobalSection
EndGlobal
